// !$*UTF8*$!
{
	archiveVersion = 1;
	classes = {
	};
	objectVersion = 46;
	objects = {

/* Begin PBXBuildFile section */
		444DB1BA1967C16D0071C1FA /* main.cpp in Sources */ = {isa = PBXBuildFile; fileRef = 444DB1B91967C16D0071C1FA /* main.cpp */; };
		444DB1BC1967C16D0071C1FA /* WordSorter.1 in CopyFiles */ = {isa = PBXBuildFile; fileRef = 444DB1BB1967C16D0071C1FA /* WordSorter.1 */; };
		444DB1C51967C1A70071C1FA /* getWiki.cpp in Sources */ = {isa = PBXBuildFile; fileRef = 444DB1C21967C1A70071C1FA /* getWiki.cpp */; };
		444DB1C61967C1A70071C1FA /* Node.cpp in Sources */ = {isa = PBXBuildFile; fileRef = 444DB1C31967C1A70071C1FA /* Node.cpp */; };
		444DB1C81967C1D90071C1FA /* libcurl.dylib in Frameworks */ = {isa = PBXBuildFile; fileRef = 444DB1C71967C1D90071C1FA /* libcurl.dylib */; };
		444DB1CB1967C7670071C1FA /* WordSorter.cpp in Sources */ = {isa = PBXBuildFile; fileRef = 444DB1C91967C7670071C1FA /* WordSorter.cpp */; };
/* End PBXBuildFile section */

/* Begin PBXCopyFilesBuildPhase section */
		444DB1B41967C16D0071C1FA /* CopyFiles */ = {
			isa = PBXCopyFilesBuildPhase;
			buildActionMask = 2147483647;
			dstPath = /usr/share/man/man1/;
			dstSubfolderSpec = 0;
			files = (
				444DB1BC1967C16D0071C1FA /* WordSorter.1 in CopyFiles */,
			);
			runOnlyForDeploymentPostprocessing = 1;
		};
/* End PBXCopyFilesBuildPhase section */

/* Begin PBXFileReference section */
		444DB1B61967C16D0071C1FA /* WordSorter */ = {isa = PBXFileReference; explicitFileType = "compiled.mach-o.executable"; includeInIndex = 0; path = WordSorter; sourceTree = BUILT_PRODUCTS_DIR; };
		444DB1B91967C16D0071C1FA /* main.cpp */ = {isa = PBXFileReference; lastKnownFileType = sourcecode.cpp.cpp; path = main.cpp; sourceTree = "<group>"; };
		444DB1BB1967C16D0071C1FA /* WordSorter.1 */ = {isa = PBXFileReference; lastKnownFileType = text.man; path = WordSorter.1; sourceTree = "<group>"; };
		444DB1C21967C1A70071C1FA /* getWiki.cpp */ = {isa = PBXFileReference; fileEncoding = 4; lastKnownFileType = sourcecode.cpp.cpp; path = getWiki.cpp; sourceTree = "<group>"; };
		444DB1C31967C1A70071C1FA /* Node.cpp */ = {isa = PBXFileReference; fileEncoding = 4; lastKnownFileType = sourcecode.cpp.cpp; path = Node.cpp; sourceTree = "<group>"; };
		444DB1C41967C1A70071C1FA /* Node.h */ = {isa = PBXFileReference; fileEncoding = 4; lastKnownFileType = sourcecode.c.h; path = Node.h; sourceTree = "<group>"; };
		444DB1C71967C1D90071C1FA /* libcurl.dylib */ = {isa = PBXFileReference; lastKnownFileType = "compiled.mach-o.dylib"; name = libcurl.dylib; path = usr/lib/libcurl.dylib; sourceTree = SDKROOT; };
		444DB1C91967C7670071C1FA /* WordSorter.cpp */ = {isa = PBXFileReference; fileEncoding = 4; lastKnownFileType = sourcecode.cpp.cpp; path = WordSorter.cpp; sourceTree = "<group>"; };
		444DB1CA1967C7670071C1FA /* WordSorter.h */ = {isa = PBXFileReference; fileEncoding = 4; lastKnownFileType = sourcecode.c.h; path = WordSorter.h; sourceTree = "<group>"; };
/* End PBXFileReference section */

/* Begin PBXFrameworksBuildPhase section */
		444DB1B31967C16D0071C1FA /* Frameworks */ = {
			isa = PBXFrameworksBuildPhase;
			buildActionMask = 2147483647;
			files = (
				444DB1C81967C1D90071C1FA /* libcurl.dylib in Frameworks */,
			);
			runOnlyForDeploymentPostprocessing = 0;
		};
/* End PBXFrameworksBuildPhase section */

/* Begin PBXGroup section */
		444DB1AD1967C16D0071C1FA = {
			isa = PBXGroup;
			children = (
				444DB1C71967C1D90071C1FA /* libcurl.dylib */,
				444DB1B81967C16D0071C1FA /* WordSorter */,
				444DB1B71967C16D0071C1FA /* Products */,
			);
			sourceTree = "<group>";
		};
		444DB1B71967C16D0071C1FA /* Products */ = {
			isa = PBXGroup;
			children = (
				444DB1B61967C16D0071C1FA /* WordSorter */,
			);
			name = Products;
			sourceTree = "<group>";
		};
		444DB1B81967C16D0071C1FA /* WordSorter */ = {
			isa = PBXGroup;
			children = (
				444DB1B91967C16D0071C1FA /* main.cpp */,
				444DB1C21967C1A70071C1FA /* getWiki.cpp */,
				444DB1C31967C1A70071C1FA /* Node.cpp */,
				444DB1C41967C1A70071C1FA /* Node.h */,
				444DB1BB1967C16D0071C1FA /* WordSorter.1 */,
				444DB1C91967C7670071C1FA /* WordSorter.cpp */,
				444DB1CA1967C7670071C1FA /* WordSorter.h */,
			);
			path = WordSorter;
			sourceTree = "<group>";
		};
/* End PBXGroup section */

/* Begin PBXNativeTarget section */
		444DB1B51967C16D0071C1FA /* WordSorter */ = {
			isa = PBXNativeTarget;
			buildConfigurationList = 444DB1BF1967C16D0071C1FA /* Build configuration list for PBXNativeTarget "WordSorter" */;
			buildPhases = (
				444DB1B21967C16D0071C1FA /* Sources */,
				444DB1B31967C16D0071C1FA /* Frameworks */,
				444DB1B41967C16D0071C1FA /* CopyFiles */,
			);
			buildRules = (
			);
			dependencies = (
			);
			name = WordSorter;
			productName = WordSorter;
			productReference = 444DB1B61967C16D0071C1FA /* WordSorter */;
			productType = "com.apple.product-type.tool";
		};
/* End PBXNativeTarget section */

/* Begin PBXProject section */
		444DB1AE1967C16D0071C1FA /* Project object */ = {
			isa = PBXProject;
			attributes = {
				LastUpgradeCheck = 0510;
				ORGANIZATIONNAME = WILMOT;
			};
			buildConfigurationList = 444DB1B11967C16D0071C1FA /* Build configuration list for PBXProject "WordSorter" */;
			compatibilityVersion = "Xcode 3.2";
			developmentRegion = English;
			hasScannedForEncodings = 0;
			knownRegions = (
				en,
			);
			mainGroup = 444DB1AD1967C16D0071C1FA;
			productRefGroup = 444DB1B71967C16D0071C1FA /* Products */;
			projectDirPath = "";
			projectRoot = "";
			targets = (
				444DB1B51967C16D0071C1FA /* WordSorter */,
			);
		};
/* End PBXProject section */

/* Begin PBXSourcesBuildPhase section */
		444DB1B21967C16D0071C1FA /* Sources */ = {
			isa = PBXSourcesBuildPhase;
			buildActionMask = 2147483647;
			files = (
				444DB1C61967C1A70071C1FA /* Node.cpp in Sources */,
				444DB1C51967C1A70071C1FA /* getWiki.cpp in Sources */,
				444DB1CB1967C7670071C1FA /* WordSorter.cpp in Sources */,
				444DB1BA1967C16D0071C1FA /* main.cpp in Sources */,
			);
			runOnlyForDeploymentPostprocessing = 0;
		};
/* End PBXSourcesBuildPhase section */

/* Begin XCBuildConfiguration section */
		444DB1BD1967C16D0071C1FA /* Debug */ = {
			isa = XCBuildConfiguration;
			buildSettings = {
				ALWAYS_SEARCH_USER_PATHS = NO;
				CLANG_CXX_LANGUAGE_STANDARD = "gnu++0x";
				CLANG_CXX_LIBRARY = "libc++";
				CLANG_ENABLE_MODULES = YES;
				CLANG_ENABLE_OBJC_ARC = YES;
				CLANG_WARN_BOOL_CONVERSION = YES;
				CLANG_WARN_CONSTANT_CONVERSION = YES;
				CLANG_WARN_DIRECT_OBJC_ISA_USAGE = YES_ERROR;
				CLANG_WARN_EMPTY_BODY = YES;
				CLANG_WARN_ENUM_CONVERSION = YES;
				CLANG_WARN_INT_CONVERSION = YES;
				CLANG_WARN_OBJC_ROOT_CLASS = YES_ERROR;
				CLANG_WARN__DUPLICATE_METHOD_MATCH = YES;
				COPY_PHASE_STRIP = NO;
				GCC_C_LANGUAGE_STANDARD = gnu99;
				GCC_DYNAMIC_NO_PIC = NO;
				GCC_ENABLE_OBJC_EXCEPTIONS = YES;
				GCC_OPTIMIZATION_LEVEL = 0;
				GCC_PREPROCESSOR_DEFINITIONS = (
					"DEBUG=1",
					"$(inherited)",
				);
				GCC_SYMBOLS_PRIVATE_EXTERN = NO;
				GCC_WARN_64_TO_32_BIT_CONVERSION = YES;
				GCC_WARN_ABOUT_RETURN_TYPE = YES_ERROR;
				GCC_WARN_UNDECLARED_SELECTOR = YES;
				GCC_WARN_UNINITIALIZED_AUTOS = YES_AGGRESSIVE;
				GCC_WARN_UNUSED_FUNCTION = YES;
				GCC_WARN_UNUSED_VARIABLE = YES;
				MACOSX_DEPLOYMENT_TARGET = 10.9;
				ONLY_ACTIVE_ARCH = YES;
				SDKROOT = macosx;
			};
			name = Debug;
		};
		444DB1BE1967C16D0071C1FA /* Release */ = {
			isa = XCBuildConfiguration;
			buildSettings = {
				ALWAYS_SEARCH_USER_PATHS = NO;
				CLANG_CXX_LANGUAGE_STANDARD = "gnu++0x";
				CLANG_CXX_LIBRARY = "libc++";
				CLANG_ENABLE_MODULES = YES;
				CLANG_ENABLE_OBJC_ARC = YES;
				CLANG_WARN_BOOL_CONVERSION = YES;
				CLANG_WARN_CONSTANT_CONVERSION = YES;
				CLANG_WARN_DIRECT_OBJC_ISA_USAGE = YES_ERROR;
				CLANG_WARN_EMPTY_BODY = YES;
				CLANG_WARN_ENUM_CONVERSION = YES;
				CLANG_WARN_INT_CONVERSION = YES;
				CLANG_WARN_OBJC_ROOT_CLASS = YES_ERROR;
				CLANG_WARN__DUPLICATE_METHOD_MATCH = YES;
				COPY_PHASE_STRIP = YES;
				DEBUG_INFORMATION_FORMAT = "dwarf-with-dsym";
				ENABLE_NS_ASSERTIONS = NO;
				GCC_C_LANGUAGE_STANDARD = gnu99;
				GCC_ENABLE_OBJC_EXCEPTIONS = YES;
				GCC_WARN_64_TO_32_BIT_CONVERSION = YES;
				GCC_WARN_ABOUT_RETURN_TYPE = YES_ERROR;
				GCC_WARN_UNDECLARED_SELECTOR = YES;
				GCC_WARN_UNINITIALIZED_AUTOS = YES_AGGRESSIVE;
				GCC_WARN_UNUSED_FUNCTION = YES;
				GCC_WARN_UNUSED_VARIABLE = YES;
				MACOSX_DEPLOYMENT_TARGET = 10.9;
				SDKROOT = macosx;
			};
			name = Release;
		};
		444DB1C01967C16D0071C1FA /* Debug */ = {
			isa = XCBuildConfiguration;
			buildSettings = {
				PRODUCT_NAME = "$(TARGET_NAME)";
			};
			name = Debug;
		};
		444DB1C11967C16D0071C1FA /* Release */ = {
			isa = XCBuildConfiguration;
			buildSettings = {
				PRODUCT_NAME = "$(TARGET_NAME)";
			};
			name = Release;
		};
/* End XCBuildConfiguration section */

/* Begin XCConfigurationList section */
		444DB1B11967C16D0071C1FA /* Build configuration list for PBXProject "WordSorter" */ = {
			isa = XCConfigurationList;
			buildConfigurations = (
				444DB1BD1967C16D0071C1FA /* Debug */,
				444DB1BE1967C16D0071C1FA /* Release */,
			);
			defaultConfigurationIsVisible = 0;
			defaultConfigurationName = Release;
		};
		444DB1BF1967C16D0071C1FA /* Build configuration list for PBXNativeTarget "WordSorter" */ = {
			isa = XCConfigurationList;
			buildConfigurations = (
				444DB1C01967C16D0071C1FA /* Debug */,
				444DB1C11967C16D0071C1FA /* Release */,
			);
			defaultConfigurationIsVisible = 0;
			defaultConfigurationName = Release;
		};
/* End XCConfigurationList section */
	};
	rootObject = 444DB1AE1967C16D0071C1FA /* Project object */;
}
